
Microsoft Visual Studio Solution File, Format Version 12.00
# Visual Studio Version 16
VisualStudioVersion = 16.0.31129.286
MinimumVisualStudioVersion = 10.0.40219.1
Project("{F184B08F-C81C-45F6-A57F-5ABD9991F28F}") = "VBConsole", "VBConsole\VBConsole.vbproj", "{9C91943F-FB67-4E68-B56B-7D064DFC0377}"
EndProject
Global
	GlobalSection(SolutionConfigurationPlatforms) = preSolution
		Debug|Any CPU = Debug|Any CPU
		Release|Any CPU = Release|Any CPU
	EndGlobalSection
	GlobalSection(ProjectConfigurationPlatforms) = postSolution
		{9C91943F-FB67-4E68-B56B-7D064DFC0377}.Debug|Any CPU.ActiveCfg = Debug|Any CPU
		{9C91943F-FB67-4E68-B56B-7D064DFC0377}.Debug|Any CPU.Build.0 = Debug|Any CPU
		{9C91943F-FB67-4E68-B56B-7D064DFC0377}.Release|Any CPU.ActiveCfg = Release|Any CPU
		{9C91943F-FB67-4E68-B56B-7D064DFC0377}.Release|Any CPU.Build.0 = Release|Any CPU
	EndGlobalSection
	GlobalSection(SolutionProperties) = preSolution
		HideSolutionNode = FALSE
	EndGlobalSection
	GlobalSection(ExtensibilityGlobals) = postSolution
		SolutionGuid = {31A788FB-B7EB-4ACE-AC59-E23C8BB407B7}
	EndGlobalSection
EndGlobal
